Microsoft Visual Studio Solution File, Format Version 12.00
# Visual Studio Version 16
VisualStudioVersion = 16.0.30803.129
MinimumVisualStudioVersion = 10.0.40219.1
Project("{9A19103F-16F7-4668-BE54-9A1E7A4F7556}") = "WowsKarma.Api", "WowsKarma.Api\WowsKarma.Api.csproj", "{C35AFDEB-D2A7-4A3C-B87B-640DFA7CD8C6}"
EndProject
Project("{9A19103F-16F7-4668-BE54-9A1E7A4F7556}") = "Wargaming.WebAPI", "Wargaming.WebAPI\Wargaming.WebAPI\Wargaming.WebAPI.csproj", "{2CC5695E-717B-4C2B-82A7-0DA9EBFEE298}"
EndProject
Project("{9A19103F-16F7-4668-BE54-9A1E7A4F7556}") = "Wargaming.WebAPI.Models", "Wargaming.WebAPI\Wargaming.WebAPI.Models\Wargaming.WebAPI.Models.csproj", "{8B7D81C4-1704-4ADD-8E20-D18094AB6D4B}"
EndProject
Project("{9A19103F-16F7-4668-BE54-9A1E7A4F7556}") = "WowsKarma.Web", "WowsKarma.Web\WowsKarma.Web.csproj", "{65DAE6A5-F436-432F-B75F-BA47189D9A16}"
EndProject
Project("{9A19103F-16F7-4668-BE54-9A1E7A4F7556}") = "WowsKarma.Common", "WowsKarma.Common\WowsKarma.Common.csproj", "{013291EF-6EC5-44D5-9C30-7AA1FC388C14}"
EndProject
Project("{E53339B2-1760-4266-BCC7-CA923CBCF16C}") = "docker-compose", "docker-compose.dcproj", "{50FD823C-E5DF-4236-B4E7-BD8CC44791A1}"
EndProject
Global
	GlobalSection(SolutionConfigurationPlatforms) = preSolution
		Debug|Any CPU = Debug|Any CPU
		Release|Any CPU = Release|Any CPU
	EndGlobalSection
	GlobalSection(ProjectConfigurationPlatforms) = postSolution
		{C35AFDEB-D2A7-4A3C-B87B-640DFA7CD8C6}.Debug|Any CPU.ActiveCfg = Debug|Any CPU
		{C35AFDEB-D2A7-4A3C-B87B-640DFA7CD8C6}.Debug|Any CPU.Build.0 = Debug|Any CPU
		{C35AFDEB-D2A7-4A3C-B87B-640DFA7CD8C6}.Release|Any CPU.ActiveCfg = Release|Any CPU
		{C35AFDEB-D2A7-4A3C-B87B-640DFA7CD8C6}.Release|Any CPU.Build.0 = Release|Any CPU
		{2CC5695E-717B-4C2B-82A7-0DA9EBFEE298}.Debug|Any CPU.ActiveCfg = Debug|Any CPU
		{2CC5695E-717B-4C2B-82A7-0DA9EBFEE298}.Debug|Any CPU.Build.0 = Debug|Any CPU
		{2CC5695E-717B-4C2B-82A7-0DA9EBFEE298}.Release|Any CPU.ActiveCfg = Release|Any CPU
		{2CC5695E-717B-4C2B-82A7-0DA9EBFEE298}.Release|Any CPU.Build.0 = Release|Any CPU
		{8B7D81C4-1704-4ADD-8E20-D18094AB6D4B}.Debug|Any CPU.ActiveCfg = Debug|Any CPU
		{8B7D81C4-1704-4ADD-8E20-D18094AB6D4B}.Debug|Any CPU.Build.0 = Debug|Any CPU
		{8B7D81C4-1704-4ADD-8E20-D18094AB6D4B}.Release|Any CPU.ActiveCfg = Release|Any CPU
		{8B7D81C4-1704-4ADD-8E20-D18094AB6D4B}.Release|Any CPU.Build.0 = Release|Any CPU
		{65DAE6A5-F436-432F-B75F-BA47189D9A16}.Debug|Any CPU.ActiveCfg = Debug|Any CPU
		{65DAE6A5-F436-432F-B75F-BA47189D9A16}.Debug|Any CPU.Build.0 = Debug|Any CPU
		{65DAE6A5-F436-432F-B75F-BA47189D9A16}.Release|Any CPU.ActiveCfg = Release|Any CPU
		{65DAE6A5-F436-432F-B75F-BA47189D9A16}.Release|Any CPU.Build.0 = Release|Any CPU
		{013291EF-6EC5-44D5-9C30-7AA1FC388C14}.Debug|Any CPU.ActiveCfg = Debug|Any CPU
		{013291EF-6EC5-44D5-9C30-7AA1FC388C14}.Debug|Any CPU.Build.0 = Debug|Any CPU
		{013291EF-6EC5-44D5-9C30-7AA1FC388C14}.Release|Any CPU.ActiveCfg = Release|Any CPU
		{013291EF-6EC5-44D5-9C30-7AA1FC388C14}.Release|Any CPU.Build.0 = Release|Any CPU
		{50FD823C-E5DF-4236-B4E7-BD8CC44791A1}.Debug|Any CPU.ActiveCfg = Debug|Any CPU
		{50FD823C-E5DF-4236-B4E7-BD8CC44791A1}.Debug|Any CPU.Build.0 = Debug|Any CPU
		{50FD823C-E5DF-4236-B4E7-BD8CC44791A1}.Release|Any CPU.ActiveCfg = Release|Any CPU
		{50FD823C-E5DF-4236-B4E7-BD8CC44791A1}.Release|Any CPU.Build.0 = Release|Any CPU
	EndGlobalSection
	GlobalSection(SolutionProperties) = preSolution
		HideSolutionNode = FALSE
	EndGlobalSection
	GlobalSection(ExtensibilityGlobals) = postSolution
		SolutionGuid = {5C335E4D-4A8D-4A28-85E6-2849FCD2C33F}
	EndGlobalSection
EndGlobal
